
Microsoft Visual Studio Solution File, Format Version 12.00
# Visual Studio Version 17
VisualStudioVersion = 17.13.35825.156 d17.13
MinimumVisualStudioVersion = 10.0.40219.1
Project("{FAE04EC0-301F-11D3-BF4B-00C04F79EFBC}") = "Homework1", "Homework1\Homework1.csproj", "{46256637-94CC-4E0D-BFB5-282CB9462C95}"
EndProject
Project("{FAE04EC0-301F-11D3-BF4B-00C04F79EFBC}") = "Homework2", "Homework2\Homework2.csproj", "{65839D81-0B52-448E-89B9-297145652F2D}"
EndProject
Project("{FAE04EC0-301F-11D3-BF4B-00C04F79EFBC}") = "Homework3", "Homework3\Homework3.csproj", "{E1B4B047-17C1-4F75-AA49-59C63B4AAF6D}"
EndProject
Global
	GlobalSection(SolutionConfigurationPlatforms) = preSolution
		Debug|Any CPU = Debug|Any CPU
		Release|Any CPU = Release|Any CPU
	EndGlobalSection
	GlobalSection(ProjectConfigurationPlatforms) = postSolution
		{46256637-94CC-4E0D-BFB5-282CB9462C95}.Debug|Any CPU.ActiveCfg = Debug|Any CPU
		{46256637-94CC-4E0D-BFB5-282CB9462C95}.Debug|Any CPU.Build.0 = Debug|Any CPU
		{46256637-94CC-4E0D-BFB5-282CB9462C95}.Release|Any CPU.ActiveCfg = Release|Any CPU
		{46256637-94CC-4E0D-BFB5-282CB9462C95}.Release|Any CPU.Build.0 = Release|Any CPU
		{65839D81-0B52-448E-89B9-297145652F2D}.Debug|Any CPU.ActiveCfg = Debug|Any CPU
		{65839D81-0B52-448E-89B9-297145652F2D}.Debug|Any CPU.Build.0 = Debug|Any CPU
		{65839D81-0B52-448E-89B9-297145652F2D}.Release|Any CPU.ActiveCfg = Release|Any CPU
		{65839D81-0B52-448E-89B9-297145652F2D}.Release|Any CPU.Build.0 = Release|Any CPU
		{E1B4B047-17C1-4F75-AA49-59C63B4AAF6D}.Debug|Any CPU.ActiveCfg = Debug|Any CPU
		{E1B4B047-17C1-4F75-AA49-59C63B4AAF6D}.Debug|Any CPU.Build.0 = Debug|Any CPU
		{E1B4B047-17C1-4F75-AA49-59C63B4AAF6D}.Release|Any CPU.ActiveCfg = Release|Any CPU
		{E1B4B047-17C1-4F75-AA49-59C63B4AAF6D}.Release|Any CPU.Build.0 = Release|Any CPU
	EndGlobalSection
	GlobalSection(SolutionProperties) = preSolution
		HideSolutionNode = FALSE
	EndGlobalSection
	GlobalSection(ExtensibilityGlobals) = postSolution
		SolutionGuid = {BC85ECE4-FA65-44EC-847B-A83FCF8FF6BE}
	EndGlobalSection
EndGlobal
